
Microsoft Visual Studio Solution File, Format Version 12.00
# Visual Studio Version 17
VisualStudioVersion = 17.3.32901.215
MinimumVisualStudioVersion = 10.0.40219.1
Project("{FAE04EC0-301F-11D3-BF4B-00C04F79EFBC}") = "Emulator 1", "Emulator 1\Emulator 1.csproj", "{F865D40E-9487-4B0F-A900-A2D49199D93C}"
EndProject
Global
	GlobalSection(SolutionConfigurationPlatforms) = preSolution
		Debug|Any CPU = Debug|Any CPU
		Release|Any CPU = Release|Any CPU
	EndGlobalSection
	GlobalSection(ProjectConfigurationPlatforms) = postSolution
		{F865D40E-9487-4B0F-A900-A2D49199D93C}.Debug|Any CPU.ActiveCfg = Debug|Any CPU
		{F865D40E-9487-4B0F-A900-A2D49199D93C}.Debug|Any CPU.Build.0 = Debug|Any CPU
		{F865D40E-9487-4B0F-A900-A2D49199D93C}.Release|Any CPU.ActiveCfg = Release|Any CPU
		{F865D40E-9487-4B0F-A900-A2D49199D93C}.Release|Any CPU.Build.0 = Release|Any CPU
	EndGlobalSection
	GlobalSection(SolutionProperties) = preSolution
		HideSolutionNode = FALSE
	EndGlobalSection
	GlobalSection(ExtensibilityGlobals) = postSolution
		SolutionGuid = {BCC6A1D2-F495-426B-A4A8-B310C5E79E71}
	EndGlobalSection
EndGlobal
